{
  "name": "brevo-checker",
  "version": "0.0.1",
  "lockfileVersion": 3,
  "requires": true,
  "packages": {
    "": {
      "name": "brevo-checker",
      "version": "0.0.1",
      "license": "ISC",
      "dependencies": {
        "@getbrevo/brevo": "^5.0.4"
      },
      "devDependencies": {
        "dotenv": "^16.0.3"
      },
      "engines": {
        "node": ">=22"
      }
    },
    "node_modules/@getbrevo/brevo": {
      "version": "5.0.4",
      "resolved": "https://registry.npmjs.org/@getbrevo/brevo/-/brevo-5.0.4.tgz",
      "integrity": "sha512-wN4mHE6O0Pb/d/Dh3E4MAm2zCHbLLUcFF8/wgwTeMPy9KzHBYLu7S/nsJbzd0AWL09MHn8vwue8ULL9YOzluOQ==",
      "engines": {
        "node": ">=18.0.0"
      }
    },
    "node_modules/dotenv": {
      "version": "16.6.1",
      "resolved": "https://registry.npmjs.org/dotenv/-/dotenv-16.6.1.tgz",
      "integrity": "sha512-uBq4egWHTcTt33a72vpSG0z3HnPuIl6NqYcTrKEg2azoEyl2hpW0zqlxysq2pK9HlDIHyHyakeYaYnSAwd8bow==",
      "dev": true,
      "license": "BSD-2-Clause",
      "engines": {
        "node": ">=12"
      },
      "funding": {
        "url": "https://dotenvx.com"
      }
    }
  }
}
